
Microsoft Visual Studio Solution File, Format Version 12.00
# Visual Studio Version 16
VisualStudioVersion = 16.0.31019.35
MinimumVisualStudioVersion = 10.0.40219.1
Project("{FAE04EC0-301F-11D3-BF4B-00C04F79EFBC}") = "Sklep", "Sklep\Sklep.csproj", "{C027B319-793B-4B55-9226-38D84464D30C}"
EndProject
Global
	GlobalSection(SolutionConfigurationPlatforms) = preSolution
		Debug|Any CPU = Debug|Any CPU
		Release|Any CPU = Release|Any CPU
	EndGlobalSection
	GlobalSection(ProjectConfigurationPlatforms) = postSolution
		{C027B319-793B-4B55-9226-38D84464D30C}.Debug|Any CPU.ActiveCfg = Debug|Any CPU
		{C027B319-793B-4B55-9226-38D84464D30C}.Debug|Any CPU.Build.0 = Debug|Any CPU
		{C027B319-793B-4B55-9226-38D84464D30C}.Release|Any CPU.ActiveCfg = Release|Any CPU
		{C027B319-793B-4B55-9226-38D84464D30C}.Release|Any CPU.Build.0 = Release|Any CPU
	EndGlobalSection
	GlobalSection(SolutionProperties) = preSolution
		HideSolutionNode = FALSE
	EndGlobalSection
	GlobalSection(ExtensibilityGlobals) = postSolution
		SolutionGuid = {B5733560-7D9B-457B-8C07-793E6349EA28}
	EndGlobalSection
EndGlobal
